
Microsoft Visual Studio Solution File, Format Version 12.00
# Visual Studio 15
VisualStudioVersion = 15.0.26621.2
MinimumVisualStudioVersion = 10.0.40219.1
Project("{2150E333-8FDC-42A3-9474-1A3956D46DE8}") = "src", "src", "{5B871B0D-8E1E-4350-9959-DE8ED19CA113}"
EndProject
Project("{2150E333-8FDC-42A3-9474-1A3956D46DE8}") = "samples", "samples", "{CE6635DE-0546-4ECC-949A-08192E19E366}"
EndProject
Project("{9A19103F-16F7-4668-BE54-9A1E7A4F7556}") = "TagHelperPack", "src\TagHelperPack\TagHelperPack.csproj", "{5276EEB9-E167-40EB-ADD4-EA3FD22039C4}"
EndProject
Project("{9A19103F-16F7-4668-BE54-9A1E7A4F7556}") = "TagHelperPack.Sample", "samples\TagHelperPack.Sample\TagHelperPack.Sample.csproj", "{6CC61FE9-F359-4F2A-A7DF-8E309318AC2A}"
EndProject
Project("{9A19103F-16F7-4668-BE54-9A1E7A4F7556}") = "TagHelperPack.Sample.2.0", "samples\TagHelperPack.Sample.2.0\TagHelperPack.Sample.2.0.csproj", "{9798ADF4-FD51-48C4-B606-C3820C1D3A07}"
EndProject
Global
	GlobalSection(SolutionConfigurationPlatforms) = preSolution
		Debug|Any CPU = Debug|Any CPU
		Release|Any CPU = Release|Any CPU
	EndGlobalSection
	GlobalSection(ProjectConfigurationPlatforms) = postSolution
		{5276EEB9-E167-40EB-ADD4-EA3FD22039C4}.Debug|Any CPU.ActiveCfg = Debug|Any CPU
		{5276EEB9-E167-40EB-ADD4-EA3FD22039C4}.Debug|Any CPU.Build.0 = Debug|Any CPU
		{5276EEB9-E167-40EB-ADD4-EA3FD22039C4}.Release|Any CPU.ActiveCfg = Release|Any CPU
		{5276EEB9-E167-40EB-ADD4-EA3FD22039C4}.Release|Any CPU.Build.0 = Release|Any CPU
		{6CC61FE9-F359-4F2A-A7DF-8E309318AC2A}.Debug|Any CPU.ActiveCfg = Debug|Any CPU
		{6CC61FE9-F359-4F2A-A7DF-8E309318AC2A}.Debug|Any CPU.Build.0 = Debug|Any CPU
		{6CC61FE9-F359-4F2A-A7DF-8E309318AC2A}.Release|Any CPU.ActiveCfg = Release|Any CPU
		{6CC61FE9-F359-4F2A-A7DF-8E309318AC2A}.Release|Any CPU.Build.0 = Release|Any CPU
		{9798ADF4-FD51-48C4-B606-C3820C1D3A07}.Debug|Any CPU.ActiveCfg = Debug|Any CPU
		{9798ADF4-FD51-48C4-B606-C3820C1D3A07}.Debug|Any CPU.Build.0 = Debug|Any CPU
		{9798ADF4-FD51-48C4-B606-C3820C1D3A07}.Release|Any CPU.ActiveCfg = Release|Any CPU
		{9798ADF4-FD51-48C4-B606-C3820C1D3A07}.Release|Any CPU.Build.0 = Release|Any CPU
	EndGlobalSection
	GlobalSection(SolutionProperties) = preSolution
		HideSolutionNode = FALSE
	EndGlobalSection
	GlobalSection(NestedProjects) = preSolution
		{5276EEB9-E167-40EB-ADD4-EA3FD22039C4} = {5B871B0D-8E1E-4350-9959-DE8ED19CA113}
		{6CC61FE9-F359-4F2A-A7DF-8E309318AC2A} = {CE6635DE-0546-4ECC-949A-08192E19E366}
		{9798ADF4-FD51-48C4-B606-C3820C1D3A07} = {CE6635DE-0546-4ECC-949A-08192E19E366}
	EndGlobalSection
	GlobalSection(ExtensibilityGlobals) = postSolution
		SolutionGuid = {59D4518E-872C-4D34-A5F6-385BB5D3B58C}
	EndGlobalSection
EndGlobal
